
Microsoft Visual Studio Solution File, Format Version 12.00
# Visual Studio Version 17
VisualStudioVersion = 17.2.32630.192
MinimumVisualStudioVersion = 10.0.40219.1
Project("{9A19103F-16F7-4668-BE54-9A1E7A4F7556}") = "Domen", "Domen\Domen.csproj", "{E402E119-776B-4DD3-86C5-B28246465318}"
EndProject
Project("{9A19103F-16F7-4668-BE54-9A1E7A4F7556}") = "KlijentskaAplikacija", "KlijentskaAplikacija\KlijentskaAplikacija.csproj", "{6DD68E95-E56E-4CD5-BECB-15B1586BDED8}"
EndProject
Project("{9A19103F-16F7-4668-BE54-9A1E7A4F7556}") = "PoslovnaLogika", "PoslovnaLogika\PoslovnaLogika.csproj", "{B6C5578F-F675-4AD8-9A68-F855CC0F87C4}"
EndProject
Project("{9A19103F-16F7-4668-BE54-9A1E7A4F7556}") = "BrokerBazePodataka", "BrokerBazePodataka\BrokerBazePodataka.csproj", "{C04CEFEB-197F-4B98-8AFC-7141008C619B}"
EndProject
Project("{FAE04EC0-301F-11D3-BF4B-00C04F79EFBC}") = "ServerskaAplikacija", "ServerskaAplikacija\ServerskaAplikacija.csproj", "{6A98F385-81D9-4B4C-A5FB-F4124D2652B3}"
EndProject
Project("{FAE04EC0-301F-11D3-BF4B-00C04F79EFBC}") = "Zajednicki", "Zajednicki\Zajednicki.csproj", "{EAEE2FEC-221D-4E0B-9F87-EF4486748010}"
EndProject
Global
	GlobalSection(SolutionConfigurationPlatforms) = preSolution
		Debug|Any CPU = Debug|Any CPU
		Release|Any CPU = Release|Any CPU
	EndGlobalSection
	GlobalSection(ProjectConfigurationPlatforms) = postSolution
		{E402E119-776B-4DD3-86C5-B28246465318}.Debug|Any CPU.ActiveCfg = Debug|Any CPU
		{E402E119-776B-4DD3-86C5-B28246465318}.Debug|Any CPU.Build.0 = Debug|Any CPU
		{E402E119-776B-4DD3-86C5-B28246465318}.Release|Any CPU.ActiveCfg = Release|Any CPU
		{E402E119-776B-4DD3-86C5-B28246465318}.Release|Any CPU.Build.0 = Release|Any CPU
		{6DD68E95-E56E-4CD5-BECB-15B1586BDED8}.Debug|Any CPU.ActiveCfg = Debug|Any CPU
		{6DD68E95-E56E-4CD5-BECB-15B1586BDED8}.Debug|Any CPU.Build.0 = Debug|Any CPU
		{6DD68E95-E56E-4CD5-BECB-15B1586BDED8}.Release|Any CPU.ActiveCfg = Release|Any CPU
		{6DD68E95-E56E-4CD5-BECB-15B1586BDED8}.Release|Any CPU.Build.0 = Release|Any CPU
		{B6C5578F-F675-4AD8-9A68-F855CC0F87C4}.Debug|Any CPU.ActiveCfg = Debug|Any CPU
		{B6C5578F-F675-4AD8-9A68-F855CC0F87C4}.Debug|Any CPU.Build.0 = Debug|Any CPU
		{B6C5578F-F675-4AD8-9A68-F855CC0F87C4}.Release|Any CPU.ActiveCfg = Release|Any CPU
		{B6C5578F-F675-4AD8-9A68-F855CC0F87C4}.Release|Any CPU.Build.0 = Release|Any CPU
		{C04CEFEB-197F-4B98-8AFC-7141008C619B}.Debug|Any CPU.ActiveCfg = Debug|Any CPU
		{C04CEFEB-197F-4B98-8AFC-7141008C619B}.Debug|Any CPU.Build.0 = Debug|Any CPU
		{C04CEFEB-197F-4B98-8AFC-7141008C619B}.Release|Any CPU.ActiveCfg = Release|Any CPU
		{C04CEFEB-197F-4B98-8AFC-7141008C619B}.Release|Any CPU.Build.0 = Release|Any CPU
		{6A98F385-81D9-4B4C-A5FB-F4124D2652B3}.Debug|Any CPU.ActiveCfg = Debug|Any CPU
		{6A98F385-81D9-4B4C-A5FB-F4124D2652B3}.Debug|Any CPU.Build.0 = Debug|Any CPU
		{6A98F385-81D9-4B4C-A5FB-F4124D2652B3}.Release|Any CPU.ActiveCfg = Release|Any CPU
		{6A98F385-81D9-4B4C-A5FB-F4124D2652B3}.Release|Any CPU.Build.0 = Release|Any CPU
		{EAEE2FEC-221D-4E0B-9F87-EF4486748010}.Debug|Any CPU.ActiveCfg = Debug|Any CPU
		{EAEE2FEC-221D-4E0B-9F87-EF4486748010}.Debug|Any CPU.Build.0 = Debug|Any CPU
		{EAEE2FEC-221D-4E0B-9F87-EF4486748010}.Release|Any CPU.ActiveCfg = Release|Any CPU
		{EAEE2FEC-221D-4E0B-9F87-EF4486748010}.Release|Any CPU.Build.0 = Release|Any CPU
	EndGlobalSection
	GlobalSection(SolutionProperties) = preSolution
		HideSolutionNode = FALSE
	EndGlobalSection
	GlobalSection(ExtensibilityGlobals) = postSolution
		SolutionGuid = {529076F1-34CC-433C-AB7E-81EB7EA76D7A}
	EndGlobalSection
EndGlobal
